
Microsoft Visual Studio Solution File, Format Version 12.00
# Visual Studio Version 16
VisualStudioVersion = 16.0.31321.278
MinimumVisualStudioVersion = 10.0.40219.1
Project("{FAE04EC0-301F-11D3-BF4B-00C04F79EFBC}") = "Translation Manager", "Translation Manager.csproj", "{37F30B6D-B19D-473B-882A-464F2937762C}"
EndProject
Global
	GlobalSection(SolutionConfigurationPlatforms) = preSolution
		Debug|Any CPU = Debug|Any CPU
		Release|Any CPU = Release|Any CPU
	EndGlobalSection
	GlobalSection(ProjectConfigurationPlatforms) = postSolution
		{37F30B6D-B19D-473B-882A-464F2937762C}.Debug|Any CPU.ActiveCfg = Debug|Any CPU
		{37F30B6D-B19D-473B-882A-464F2937762C}.Debug|Any CPU.Build.0 = Debug|Any CPU
		{37F30B6D-B19D-473B-882A-464F2937762C}.Release|Any CPU.ActiveCfg = Release|Any CPU
		{37F30B6D-B19D-473B-882A-464F2937762C}.Release|Any CPU.Build.0 = Release|Any CPU
	EndGlobalSection
	GlobalSection(SolutionProperties) = preSolution
		HideSolutionNode = FALSE
	EndGlobalSection
	GlobalSection(ExtensibilityGlobals) = postSolution
		SolutionGuid = {CE1D4B7C-5E7D-4679-96A7-56A8642A3F1A}
	EndGlobalSection
EndGlobal
